
Microsoft Visual Studio Solution File, Format Version 12.00
# Visual Studio Version 17
VisualStudioVersion = 17.9.34622.214
MinimumVisualStudioVersion = 10.0.40219.1
Project("{9A19103F-16F7-4668-BE54-9A1E7A4F7556}") = "EventsManagement.API", "EventsManagement.API\EventsManagement.API.csproj", "{6433DD7C-AC3B-47CF-9991-C422E91F3D2E}"
EndProject
Project("{9A19103F-16F7-4668-BE54-9A1E7A4F7556}") = "EventsManagementCore", "EventsManagementCore\EventsManagementCore.csproj", "{1761B7D4-A260-4636-B46A-12E27D5B429C}"
EndProject
Project("{9A19103F-16F7-4668-BE54-9A1E7A4F7556}") = "EventsManagementServices", "EventsManagementServices\EventsManagementServices.csproj", "{3417E3D1-F32A-422E-BCA9-5D3BF0DA0229}"
EndProject
Project("{FAE04EC0-301F-11D3-BF4B-00C04F79EFBC}") = "EventsManagment.AdminPortal", "EventsManagment.AdminPortal\EventsManagment.AdminPortal.csproj", "{319DD374-8647-4E3B-B822-AD3EEB5960EE}"
EndProject
Project("{FAE04EC0-301F-11D3-BF4B-00C04F79EFBC}") = "EventsManagement.PublicPortal", "EventsManagement.PublicPortal\EventsManagement.PublicPortal.csproj", "{4C930E61-85FB-491D-9DBD-A5B513D7F514}"
EndProject
Global
	GlobalSection(SolutionConfigurationPlatforms) = preSolution
		Debug|Any CPU = Debug|Any CPU
		Release|Any CPU = Release|Any CPU
	EndGlobalSection
	GlobalSection(ProjectConfigurationPlatforms) = postSolution
		{6433DD7C-AC3B-47CF-9991-C422E91F3D2E}.Debug|Any CPU.ActiveCfg = Debug|Any CPU
		{6433DD7C-AC3B-47CF-9991-C422E91F3D2E}.Debug|Any CPU.Build.0 = Debug|Any CPU
		{6433DD7C-AC3B-47CF-9991-C422E91F3D2E}.Release|Any CPU.ActiveCfg = Release|Any CPU
		{6433DD7C-AC3B-47CF-9991-C422E91F3D2E}.Release|Any CPU.Build.0 = Release|Any CPU
		{1761B7D4-A260-4636-B46A-12E27D5B429C}.Debug|Any CPU.ActiveCfg = Debug|Any CPU
		{1761B7D4-A260-4636-B46A-12E27D5B429C}.Debug|Any CPU.Build.0 = Debug|Any CPU
		{1761B7D4-A260-4636-B46A-12E27D5B429C}.Release|Any CPU.ActiveCfg = Release|Any CPU
		{1761B7D4-A260-4636-B46A-12E27D5B429C}.Release|Any CPU.Build.0 = Release|Any CPU
		{3417E3D1-F32A-422E-BCA9-5D3BF0DA0229}.Debug|Any CPU.ActiveCfg = Debug|Any CPU
		{3417E3D1-F32A-422E-BCA9-5D3BF0DA0229}.Debug|Any CPU.Build.0 = Debug|Any CPU
		{3417E3D1-F32A-422E-BCA9-5D3BF0DA0229}.Release|Any CPU.ActiveCfg = Release|Any CPU
		{3417E3D1-F32A-422E-BCA9-5D3BF0DA0229}.Release|Any CPU.Build.0 = Release|Any CPU
		{319DD374-8647-4E3B-B822-AD3EEB5960EE}.Debug|Any CPU.ActiveCfg = Debug|Any CPU
		{319DD374-8647-4E3B-B822-AD3EEB5960EE}.Debug|Any CPU.Build.0 = Debug|Any CPU
		{319DD374-8647-4E3B-B822-AD3EEB5960EE}.Release|Any CPU.ActiveCfg = Release|Any CPU
		{319DD374-8647-4E3B-B822-AD3EEB5960EE}.Release|Any CPU.Build.0 = Release|Any CPU
		{4C930E61-85FB-491D-9DBD-A5B513D7F514}.Debug|Any CPU.ActiveCfg = Debug|Any CPU
		{4C930E61-85FB-491D-9DBD-A5B513D7F514}.Debug|Any CPU.Build.0 = Debug|Any CPU
		{4C930E61-85FB-491D-9DBD-A5B513D7F514}.Release|Any CPU.ActiveCfg = Release|Any CPU
		{4C930E61-85FB-491D-9DBD-A5B513D7F514}.Release|Any CPU.Build.0 = Release|Any CPU
	EndGlobalSection
	GlobalSection(SolutionProperties) = preSolution
		HideSolutionNode = FALSE
	EndGlobalSection
	GlobalSection(ExtensibilityGlobals) = postSolution
		SolutionGuid = {F3DB6E11-6433-428D-B213-00344DF62C41}
	EndGlobalSection
EndGlobal
